// !$*UTF8*$!
{
	archiveVersion = 1;
	classes = {
	};
	objectVersion = 50;
	objects = {

/* Begin PBXBuildFile section */
		1056AAF9234AB05800A7D6D2 /* QuickSort_Test.cpp in Sources */ = {isa = PBXBuildFile; fileRef = 1056AAF8234AB05800A7D6D2 /* QuickSort_Test.cpp */; };
		105B40AC2309ECD9007ED285 /* main.cpp in Sources */ = {isa = PBXBuildFile; fileRef = 105B40AB2309ECD9007ED285 /* main.cpp */; };
		1062C76D232DCC3800E3ECD5 /* main.cpp in Sources */ = {isa = PBXBuildFile; fileRef = 1062C76C232DCC3800E3ECD5 /* main.cpp */; };
		1062C773232DCC7F00E3ECD5 /* InsertionSort_Test.cpp in Sources */ = {isa = PBXBuildFile; fileRef = 1062C771232DCC7F00E3ECD5 /* InsertionSort_Test.cpp */; };
		1062C776232DCEA000E3ECD5 /* SelectionSort_Test.cpp in Sources */ = {isa = PBXBuildFile; fileRef = 1062C775232DCEA000E3ECD5 /* SelectionSort_Test.cpp */; };
		107BFEE9234A9ACA0033521E /* HeapSort_Test.cpp in Sources */ = {isa = PBXBuildFile; fileRef = 107BFEE8234A9ACA0033521E /* HeapSort_Test.cpp */; };
/* End PBXBuildFile section */

/* Begin PBXCopyFilesBuildPhase section */
		105B40A62309ECD9007ED285 /* CopyFiles */ = {
			isa = PBXCopyFilesBuildPhase;
			buildActionMask = 2147483647;
			dstPath = /usr/share/man/man1/;
			dstSubfolderSpec = 0;
			files = (
			);
			runOnlyForDeploymentPostprocessing = 1;
		};
		1062C768232DCC3700E3ECD5 /* CopyFiles */ = {
			isa = PBXCopyFilesBuildPhase;
			buildActionMask = 2147483647;
			dstPath = /usr/share/man/man1/;
			dstSubfolderSpec = 0;
			files = (
			);
			runOnlyForDeploymentPostprocessing = 1;
		};
		10EED7D6232DB99800B21715 /* CopyFiles */ = {
			isa = PBXCopyFilesBuildPhase;
			buildActionMask = 2147483647;
			dstPath = /usr/share/man/man1/;
			dstSubfolderSpec = 0;
			files = (
			);
			runOnlyForDeploymentPostprocessing = 1;
		};
/* End PBXCopyFilesBuildPhase section */

/* Begin PBXFileReference section */
		1056AAF8234AB05800A7D6D2 /* QuickSort_Test.cpp */ = {isa = PBXFileReference; lastKnownFileType = sourcecode.cpp.cpp; path = QuickSort_Test.cpp; sourceTree = "<group>"; };
		105B40A82309ECD9007ED285 /* Algo */ = {isa = PBXFileReference; explicitFileType = "compiled.mach-o.executable"; includeInIndex = 0; path = Algo; sourceTree = BUILT_PRODUCTS_DIR; };
		105B40AB2309ECD9007ED285 /* main.cpp */ = {isa = PBXFileReference; lastKnownFileType = sourcecode.cpp.cpp; path = main.cpp; sourceTree = "<group>"; };
		1062C76A232DCC3700E3ECD5 /* Algo_Test2 */ = {isa = PBXFileReference; explicitFileType = "compiled.mach-o.executable"; includeInIndex = 0; path = Algo_Test2; sourceTree = BUILT_PRODUCTS_DIR; };
		1062C76C232DCC3800E3ECD5 /* main.cpp */ = {isa = PBXFileReference; lastKnownFileType = sourcecode.cpp.cpp; path = main.cpp; sourceTree = "<group>"; };
		1062C771232DCC7F00E3ECD5 /* InsertionSort_Test.cpp */ = {isa = PBXFileReference; fileEncoding = 4; lastKnownFileType = sourcecode.cpp.cpp; path = InsertionSort_Test.cpp; sourceTree = "<group>"; };
		1062C772232DCC7F00E3ECD5 /* catch.hpp */ = {isa = PBXFileReference; fileEncoding = 4; lastKnownFileType = sourcecode.cpp.h; path = catch.hpp; sourceTree = "<group>"; };
		1062C774232DCDA300E3ECD5 /* SelectionSort.h */ = {isa = PBXFileReference; lastKnownFileType = sourcecode.c.h; path = SelectionSort.h; sourceTree = "<group>"; };
		1062C775232DCEA000E3ECD5 /* SelectionSort_Test.cpp */ = {isa = PBXFileReference; lastKnownFileType = sourcecode.cpp.cpp; path = SelectionSort_Test.cpp; sourceTree = "<group>"; };
		1074FA48232DB00200A26763 /* HeapSort.h */ = {isa = PBXFileReference; lastKnownFileType = sourcecode.c.h; path = HeapSort.h; sourceTree = "<group>"; };
		1074FA49232DB0F800A26763 /* InsertionSort.h */ = {isa = PBXFileReference; lastKnownFileType = sourcecode.c.h; path = InsertionSort.h; sourceTree = "<group>"; };
		1074FA4A232DB4AF00A26763 /* PrimeFactorization.h */ = {isa = PBXFileReference; lastKnownFileType = sourcecode.c.h; path = PrimeFactorization.h; sourceTree = "<group>"; };
		1074FA4B232DB4BB00A26763 /* GreatestCommonDivisor.h */ = {isa = PBXFileReference; lastKnownFileType = sourcecode.c.h; path = GreatestCommonDivisor.h; sourceTree = "<group>"; };
		107BFEE7234A929C0033521E /* BucketSort.h */ = {isa = PBXFileReference; lastKnownFileType = sourcecode.c.h; path = BucketSort.h; sourceTree = "<group>"; };
		107BFEE8234A9ACA0033521E /* HeapSort_Test.cpp */ = {isa = PBXFileReference; lastKnownFileType = sourcecode.cpp.cpp; path = HeapSort_Test.cpp; sourceTree = "<group>"; };
		107BFEEA234A9CA70033521E /* QuickSort.h */ = {isa = PBXFileReference; lastKnownFileType = sourcecode.c.h; path = QuickSort.h; sourceTree = "<group>"; };
		10EED7D8232DB99800B21715 /* Algo_Test */ = {isa = PBXFileReference; explicitFileType = "compiled.mach-o.executable"; includeInIndex = 0; path = Algo_Test; sourceTree = BUILT_PRODUCTS_DIR; };
/* End PBXFileReference section */

/* Begin PBXFrameworksBuildPhase section */
		105B40A52309ECD9007ED285 /* Frameworks */ = {
			isa = PBXFrameworksBuildPhase;
			buildActionMask = 2147483647;
			files = (
			);
			runOnlyForDeploymentPostprocessing = 0;
		};
		1062C767232DCC3700E3ECD5 /* Frameworks */ = {
			isa = PBXFrameworksBuildPhase;
			buildActionMask = 2147483647;
			files = (
			);
			runOnlyForDeploymentPostprocessing = 0;
		};
		10EED7D5232DB99800B21715 /* Frameworks */ = {
			isa = PBXFrameworksBuildPhase;
			buildActionMask = 2147483647;
			files = (
			);
			runOnlyForDeploymentPostprocessing = 0;
		};
/* End PBXFrameworksBuildPhase section */

/* Begin PBXGroup section */
		105B409F2309ECD9007ED285 = {
			isa = PBXGroup;
			children = (
				105B40AA2309ECD9007ED285 /* Algo */,
				1062C76B232DCC3800E3ECD5 /* Algo_Test2 */,
				105B40A92309ECD9007ED285 /* Products */,
			);
			sourceTree = "<group>";
		};
		105B40A92309ECD9007ED285 /* Products */ = {
			isa = PBXGroup;
			children = (
				105B40A82309ECD9007ED285 /* Algo */,
				10EED7D8232DB99800B21715 /* Algo_Test */,
				1062C76A232DCC3700E3ECD5 /* Algo_Test2 */,
			);
			name = Products;
			sourceTree = "<group>";
		};
		105B40AA2309ECD9007ED285 /* Algo */ = {
			isa = PBXGroup;
			children = (
				1074FA4B232DB4BB00A26763 /* GreatestCommonDivisor.h */,
				1074FA4A232DB4AF00A26763 /* PrimeFactorization.h */,
				105B40AB2309ECD9007ED285 /* main.cpp */,
				1074FA48232DB00200A26763 /* HeapSort.h */,
				1074FA49232DB0F800A26763 /* InsertionSort.h */,
				1062C774232DCDA300E3ECD5 /* SelectionSort.h */,
				107BFEE7234A929C0033521E /* BucketSort.h */,
				107BFEEA234A9CA70033521E /* QuickSort.h */,
			);
			path = Algo;
			sourceTree = "<group>";
		};
		1062C76B232DCC3800E3ECD5 /* Algo_Test2 */ = {
			isa = PBXGroup;
			children = (
				1062C772232DCC7F00E3ECD5 /* catch.hpp */,
				1062C771232DCC7F00E3ECD5 /* InsertionSort_Test.cpp */,
				1062C775232DCEA000E3ECD5 /* SelectionSort_Test.cpp */,
				1062C76C232DCC3800E3ECD5 /* main.cpp */,
				107BFEE8234A9ACA0033521E /* HeapSort_Test.cpp */,
				1056AAF8234AB05800A7D6D2 /* QuickSort_Test.cpp */,
			);
			path = Algo_Test2;
			sourceTree = "<group>";
		};
/* End PBXGroup section */

/* Begin PBXNativeTarget section */
		105B40A72309ECD9007ED285 /* Algo */ = {
			isa = PBXNativeTarget;
			buildConfigurationList = 105B40AF2309ECD9007ED285 /* Build configuration list for PBXNativeTarget "Algo" */;
			buildPhases = (
				105B40A42309ECD9007ED285 /* Sources */,
				105B40A52309ECD9007ED285 /* Frameworks */,
				105B40A62309ECD9007ED285 /* CopyFiles */,
			);
			buildRules = (
			);
			dependencies = (
			);
			name = Algo;
			productName = Algo;
			productReference = 105B40A82309ECD9007ED285 /* Algo */;
			productType = "com.apple.product-type.tool";
		};
		1062C769232DCC3700E3ECD5 /* Algo_Test2 */ = {
			isa = PBXNativeTarget;
			buildConfigurationList = 1062C76E232DCC3800E3ECD5 /* Build configuration list for PBXNativeTarget "Algo_Test2" */;
			buildPhases = (
				1062C766232DCC3700E3ECD5 /* Sources */,
				1062C767232DCC3700E3ECD5 /* Frameworks */,
				1062C768232DCC3700E3ECD5 /* CopyFiles */,
			);
			buildRules = (
			);
			dependencies = (
			);
			name = Algo_Test2;
			productName = Algo_Test2;
			productReference = 1062C76A232DCC3700E3ECD5 /* Algo_Test2 */;
			productType = "com.apple.product-type.tool";
		};
		10EED7D7232DB99800B21715 /* Algo_Test */ = {
			isa = PBXNativeTarget;
			buildConfigurationList = 10EED7DC232DB99800B21715 /* Build configuration list for PBXNativeTarget "Algo_Test" */;
			buildPhases = (
				10EED7D4232DB99800B21715 /* Sources */,
				10EED7D5232DB99800B21715 /* Frameworks */,
				10EED7D6232DB99800B21715 /* CopyFiles */,
			);
			buildRules = (
			);
			dependencies = (
			);
			name = Algo_Test;
			productName = Algo_Test;
			productReference = 10EED7D8232DB99800B21715 /* Algo_Test */;
			productType = "com.apple.product-type.tool";
		};
/* End PBXNativeTarget section */

/* Begin PBXProject section */
		105B40A02309ECD9007ED285 /* Project object */ = {
			isa = PBXProject;
			attributes = {
				LastUpgradeCheck = 1030;
				ORGANIZATIONNAME = "Eugene Bendik";
				TargetAttributes = {
					105B40A72309ECD9007ED285 = {
						CreatedOnToolsVersion = 10.3;
					};
					1062C769232DCC3700E3ECD5 = {
						CreatedOnToolsVersion = 10.3;
					};
					10EED7D7232DB99800B21715 = {
						CreatedOnToolsVersion = 10.3;
					};
				};
			};
			buildConfigurationList = 105B40A32309ECD9007ED285 /* Build configuration list for PBXProject "Algo" */;
			compatibilityVersion = "Xcode 9.3";
			developmentRegion = en;
			hasScannedForEncodings = 0;
			knownRegions = (
				en,
			);
			mainGroup = 105B409F2309ECD9007ED285;
			productRefGroup = 105B40A92309ECD9007ED285 /* Products */;
			projectDirPath = "";
			projectRoot = "";
			targets = (
				105B40A72309ECD9007ED285 /* Algo */,
				10EED7D7232DB99800B21715 /* Algo_Test */,
				1062C769232DCC3700E3ECD5 /* Algo_Test2 */,
			);
		};
/* End PBXProject section */

/* Begin PBXSourcesBuildPhase section */
		105B40A42309ECD9007ED285 /* Sources */ = {
			isa = PBXSourcesBuildPhase;
			buildActionMask = 2147483647;
			files = (
				105B40AC2309ECD9007ED285 /* main.cpp in Sources */,
			);
			runOnlyForDeploymentPostprocessing = 0;
		};
		1062C766232DCC3700E3ECD5 /* Sources */ = {
			isa = PBXSourcesBuildPhase;
			buildActionMask = 2147483647;
			files = (
				1062C76D232DCC3800E3ECD5 /* main.cpp in Sources */,
				1062C776232DCEA000E3ECD5 /* SelectionSort_Test.cpp in Sources */,
				1056AAF9234AB05800A7D6D2 /* QuickSort_Test.cpp in Sources */,
				1062C773232DCC7F00E3ECD5 /* InsertionSort_Test.cpp in Sources */,
				107BFEE9234A9ACA0033521E /* HeapSort_Test.cpp in Sources */,
			);
			runOnlyForDeploymentPostprocessing = 0;
		};
		10EED7D4232DB99800B21715 /* Sources */ = {
			isa = PBXSourcesBuildPhase;
			buildActionMask = 2147483647;
			files = (
			);
			runOnlyForDeploymentPostprocessing = 0;
		};
/* End PBXSourcesBuildPhase section */

/* Begin XCBuildConfiguration section */
		105B40AD2309ECD9007ED285 /* Debug */ = {
			isa = XCBuildConfiguration;
			buildSettings = {
				ALWAYS_SEARCH_USER_PATHS = NO;
				CLANG_ANALYZER_NONNULL = YES;
				CLANG_ANALYZER_NUMBER_OBJECT_CONVERSION = YES_AGGRESSIVE;
				CLANG_CXX_LANGUAGE_STANDARD = "gnu++14";
				CLANG_CXX_LIBRARY = "libc++";
				CLANG_ENABLE_MODULES = YES;
				CLANG_ENABLE_OBJC_ARC = YES;
				CLANG_ENABLE_OBJC_WEAK = YES;
				CLANG_WARN_BLOCK_CAPTURE_AUTORELEASING = YES;
				CLANG_WARN_BOOL_CONVERSION = YES;
				CLANG_WARN_COMMA = YES;
				CLANG_WARN_CONSTANT_CONVERSION = YES;
				CLANG_WARN_DEPRECATED_OBJC_IMPLEMENTATIONS = YES;
				CLANG_WARN_DIRECT_OBJC_ISA_USAGE = YES_ERROR;
				CLANG_WARN_DOCUMENTATION_COMMENTS = YES;
				CLANG_WARN_EMPTY_BODY = YES;
				CLANG_WARN_ENUM_CONVERSION = YES;
				CLANG_WARN_INFINITE_RECURSION = YES;
				CLANG_WARN_INT_CONVERSION = YES;
				CLANG_WARN_NON_LITERAL_NULL_CONVERSION = YES;
				CLANG_WARN_OBJC_IMPLICIT_RETAIN_SELF = YES;
				CLANG_WARN_OBJC_LITERAL_CONVERSION = YES;
				CLANG_WARN_OBJC_ROOT_CLASS = YES_ERROR;
				CLANG_WARN_RANGE_LOOP_ANALYSIS = YES;
				CLANG_WARN_STRICT_PROTOTYPES = YES;
				CLANG_WARN_SUSPICIOUS_MOVE = YES;
				CLANG_WARN_UNGUARDED_AVAILABILITY = YES_AGGRESSIVE;
				CLANG_WARN_UNREACHABLE_CODE = YES;
				CLANG_WARN__DUPLICATE_METHOD_MATCH = YES;
				CODE_SIGN_IDENTITY = "-";
				COPY_PHASE_STRIP = NO;
				DEBUG_INFORMATION_FORMAT = dwarf;
				ENABLE_STRICT_OBJC_MSGSEND = YES;
				ENABLE_TESTABILITY = YES;
				GCC_C_LANGUAGE_STANDARD = gnu11;
				GCC_DYNAMIC_NO_PIC = NO;
				GCC_NO_COMMON_BLOCKS = YES;
				GCC_OPTIMIZATION_LEVEL = 0;
				GCC_PREPROCESSOR_DEFINITIONS = (
					"DEBUG=1",
					"$(inherited)",
				);
				GCC_WARN_64_TO_32_BIT_CONVERSION = YES;
				GCC_WARN_ABOUT_RETURN_TYPE = YES_ERROR;
				GCC_WARN_UNDECLARED_SELECTOR = YES;
				GCC_WARN_UNINITIALIZED_AUTOS = YES_AGGRESSIVE;
				GCC_WARN_UNUSED_FUNCTION = YES;
				GCC_WARN_UNUSED_VARIABLE = YES;
				MACOSX_DEPLOYMENT_TARGET = 10.14;
				MTL_ENABLE_DEBUG_INFO = INCLUDE_SOURCE;
				MTL_FAST_MATH = YES;
				ONLY_ACTIVE_ARCH = YES;
				SDKROOT = macosx;
			};
			name = Debug;
		};
		105B40AE2309ECD9007ED285 /* Release */ = {
			isa = XCBuildConfiguration;
			buildSettings = {
				ALWAYS_SEARCH_USER_PATHS = NO;
				CLANG_ANALYZER_NONNULL = YES;
				CLANG_ANALYZER_NUMBER_OBJECT_CONVERSION = YES_AGGRESSIVE;
				CLANG_CXX_LANGUAGE_STANDARD = "gnu++14";
				CLANG_CXX_LIBRARY = "libc++";
				CLANG_ENABLE_MODULES = YES;
				CLANG_ENABLE_OBJC_ARC = YES;
				CLANG_ENABLE_OBJC_WEAK = YES;
				CLANG_WARN_BLOCK_CAPTURE_AUTORELEASING = YES;
				CLANG_WARN_BOOL_CONVERSION = YES;
				CLANG_WARN_COMMA = YES;
				CLANG_WARN_CONSTANT_CONVERSION = YES;
				CLANG_WARN_DEPRECATED_OBJC_IMPLEMENTATIONS = YES;
				CLANG_WARN_DIRECT_OBJC_ISA_USAGE = YES_ERROR;
				CLANG_WARN_DOCUMENTATION_COMMENTS = YES;
				CLANG_WARN_EMPTY_BODY = YES;
				CLANG_WARN_ENUM_CONVERSION = YES;
				CLANG_WARN_INFINITE_RECURSION = YES;
				CLANG_WARN_INT_CONVERSION = YES;
				CLANG_WARN_NON_LITERAL_NULL_CONVERSION = YES;
				CLANG_WARN_OBJC_IMPLICIT_RETAIN_SELF = YES;
				CLANG_WARN_OBJC_LITERAL_CONVERSION = YES;
				CLANG_WARN_OBJC_ROOT_CLASS = YES_ERROR;
				CLANG_WARN_RANGE_LOOP_ANALYSIS = YES;
				CLANG_WARN_STRICT_PROTOTYPES = YES;
				CLANG_WARN_SUSPICIOUS_MOVE = YES;
				CLANG_WARN_UNGUARDED_AVAILABILITY = YES_AGGRESSIVE;
				CLANG_WARN_UNREACHABLE_CODE = YES;
				CLANG_WARN__DUPLICATE_METHOD_MATCH = YES;
				CODE_SIGN_IDENTITY = "-";
				COPY_PHASE_STRIP = NO;
				DEBUG_INFORMATION_FORMAT = "dwarf-with-dsym";
				ENABLE_NS_ASSERTIONS = NO;
				ENABLE_STRICT_OBJC_MSGSEND = YES;
				GCC_C_LANGUAGE_STANDARD = gnu11;
				GCC_NO_COMMON_BLOCKS = YES;
				GCC_WARN_64_TO_32_BIT_CONVERSION = YES;
				GCC_WARN_ABOUT_RETURN_TYPE = YES_ERROR;
				GCC_WARN_UNDECLARED_SELECTOR = YES;
				GCC_WARN_UNINITIALIZED_AUTOS = YES_AGGRESSIVE;
				GCC_WARN_UNUSED_FUNCTION = YES;
				GCC_WARN_UNUSED_VARIABLE = YES;
				MACOSX_DEPLOYMENT_TARGET = 10.14;
				MTL_ENABLE_DEBUG_INFO = NO;
				MTL_FAST_MATH = YES;
				SDKROOT = macosx;
			};
			name = Release;
		};
		105B40B02309ECD9007ED285 /* Debug */ = {
			isa = XCBuildConfiguration;
			buildSettings = {
				CODE_SIGN_STYLE = Automatic;
				PRODUCT_NAME = "$(TARGET_NAME)";
			};
			name = Debug;
		};
		105B40B12309ECD9007ED285 /* Release */ = {
			isa = XCBuildConfiguration;
			buildSettings = {
				CODE_SIGN_STYLE = Automatic;
				PRODUCT_NAME = "$(TARGET_NAME)";
			};
			name = Release;
		};
		1062C76F232DCC3800E3ECD5 /* Debug */ = {
			isa = XCBuildConfiguration;
			buildSettings = {
				CODE_SIGN_STYLE = Automatic;
				PRODUCT_NAME = "$(TARGET_NAME)";
			};
			name = Debug;
		};
		1062C770232DCC3800E3ECD5 /* Release */ = {
			isa = XCBuildConfiguration;
			buildSettings = {
				CODE_SIGN_STYLE = Automatic;
				PRODUCT_NAME = "$(TARGET_NAME)";
			};
			name = Release;
		};
		10EED7DD232DB99800B21715 /* Debug */ = {
			isa = XCBuildConfiguration;
			buildSettings = {
				CODE_SIGN_STYLE = Automatic;
				PRODUCT_NAME = "$(TARGET_NAME)";
			};
			name = Debug;
		};
		10EED7DE232DB99800B21715 /* Release */ = {
			isa = XCBuildConfiguration;
			buildSettings = {
				CODE_SIGN_STYLE = Automatic;
				PRODUCT_NAME = "$(TARGET_NAME)";
			};
			name = Release;
		};
/* End XCBuildConfiguration section */

/* Begin XCConfigurationList section */
		105B40A32309ECD9007ED285 /* Build configuration list for PBXProject "Algo" */ = {
			isa = XCConfigurationList;
			buildConfigurations = (
				105B40AD2309ECD9007ED285 /* Debug */,
				105B40AE2309ECD9007ED285 /* Release */,
			);
			defaultConfigurationIsVisible = 0;
			defaultConfigurationName = Release;
		};
		105B40AF2309ECD9007ED285 /* Build configuration list for PBXNativeTarget "Algo" */ = {
			isa = XCConfigurationList;
			buildConfigurations = (
				105B40B02309ECD9007ED285 /* Debug */,
				105B40B12309ECD9007ED285 /* Release */,
			);
			defaultConfigurationIsVisible = 0;
			defaultConfigurationName = Release;
		};
		1062C76E232DCC3800E3ECD5 /* Build configuration list for PBXNativeTarget "Algo_Test2" */ = {
			isa = XCConfigurationList;
			buildConfigurations = (
				1062C76F232DCC3800E3ECD5 /* Debug */,
				1062C770232DCC3800E3ECD5 /* Release */,
			);
			defaultConfigurationIsVisible = 0;
			defaultConfigurationName = Release;
		};
		10EED7DC232DB99800B21715 /* Build configuration list for PBXNativeTarget "Algo_Test" */ = {
			isa = XCConfigurationList;
			buildConfigurations = (
				10EED7DD232DB99800B21715 /* Debug */,
				10EED7DE232DB99800B21715 /* Release */,
			);
			defaultConfigurationIsVisible = 0;
			defaultConfigurationName = Release;
		};
/* End XCConfigurationList section */
	};
	rootObject = 105B40A02309ECD9007ED285 /* Project object */;
}
